
Microsoft Visual Studio Solution File, Format Version 12.00
# Visual Studio Version 16
VisualStudioVersion = 16.0.31112.23
MinimumVisualStudioVersion = 10.0.40219.1
Project("{FAE04EC0-301F-11D3-BF4B-00C04F79EFBC}") = "TrackerApplication", "TrackerApplication.csproj", "{617D93B6-CA93-4DF9-BEDD-5D8183AE1E67}"
EndProject
Global
	GlobalSection(SolutionConfigurationPlatforms) = preSolution
		Debug|Any CPU = Debug|Any CPU
		Release|Any CPU = Release|Any CPU
	EndGlobalSection
	GlobalSection(ProjectConfigurationPlatforms) = postSolution
		{617D93B6-CA93-4DF9-BEDD-5D8183AE1E67}.Debug|Any CPU.ActiveCfg = Debug|Any CPU
		{617D93B6-CA93-4DF9-BEDD-5D8183AE1E67}.Debug|Any CPU.Build.0 = Debug|Any CPU
		{617D93B6-CA93-4DF9-BEDD-5D8183AE1E67}.Release|Any CPU.ActiveCfg = Release|Any CPU
		{617D93B6-CA93-4DF9-BEDD-5D8183AE1E67}.Release|Any CPU.Build.0 = Release|Any CPU
	EndGlobalSection
	GlobalSection(SolutionProperties) = preSolution
		HideSolutionNode = FALSE
	EndGlobalSection
	GlobalSection(ExtensibilityGlobals) = postSolution
		SolutionGuid = {DF8DDD6B-85B2-4E9A-BC28-B5A3D1A9DD57}
	EndGlobalSection
EndGlobal
